
Microsoft Visual Studio Solution File, Format Version 12.00
# Visual Studio Version 17
VisualStudioVersion = 17.2.32616.157
MinimumVisualStudioVersion = 10.0.40219.1
Project("{FAE04EC0-301F-11D3-BF4B-00C04F79EFBC}") = "Kalkulator_naukowy", "Kalkulator_naukowy\Kalkulator_naukowy.csproj", "{DB0C0ADC-EAC1-4199-B1BA-28CA808B792F}"
EndProject
Global
	GlobalSection(SolutionConfigurationPlatforms) = preSolution
		Debug|Any CPU = Debug|Any CPU
		Release|Any CPU = Release|Any CPU
	EndGlobalSection
	GlobalSection(ProjectConfigurationPlatforms) = postSolution
		{DB0C0ADC-EAC1-4199-B1BA-28CA808B792F}.Debug|Any CPU.ActiveCfg = Debug|Any CPU
		{DB0C0ADC-EAC1-4199-B1BA-28CA808B792F}.Debug|Any CPU.Build.0 = Debug|Any CPU
		{DB0C0ADC-EAC1-4199-B1BA-28CA808B792F}.Release|Any CPU.ActiveCfg = Release|Any CPU
		{DB0C0ADC-EAC1-4199-B1BA-28CA808B792F}.Release|Any CPU.Build.0 = Release|Any CPU
	EndGlobalSection
	GlobalSection(SolutionProperties) = preSolution
		HideSolutionNode = FALSE
	EndGlobalSection
	GlobalSection(ExtensibilityGlobals) = postSolution
		SolutionGuid = {76E94FEA-3727-4910-BD49-B4BA432B7F5B}
	EndGlobalSection
EndGlobal
